github.com/appwrite/sdk-for-go v0.1.0 h1:OqPP4psg36uQjlEIJg//GxlFJJ6l1tF7tc3KUWeEexQ=
github.com/appwrite/sdk-for-go v0.1.0/go.mod h1:aFiOAbfOzGS3811eMCt3T9WDBvjvPVAfOjw10Vghi4E=
github.com/joho/godotenv v1.5.1 h1:7eLL/+HRGLY0ldzfGMeQkb7vMd0as4CfYvUVzLqw0N0=
github.com/joho/godotenv v1.5.1/go.mod h1:f4LDr5Voq0i2e/R5DDNOoa2zzDfwtkZa6DnEwAbqwq4=
