github.com/appwrite/sdk-for-go v0.0.1-rc.8 h1:uZgV1L2336sr6dWuUwu81XpsvbSIzyXO1gJPtq+rwTk=
github.com/appwrite/sdk-for-go v0.0.1-rc.8/go.mod h1:aFiOAbfOzGS3811eMCt3T9WDBvjvPVAfOjw10Vghi4E=
github.com/joho/godotenv v1.5.1 h1:7eLL/+HRGLY0ldzfGMeQkb7vMd0as4CfYvUVzLqw0N0=
github.com/joho/godotenv v1.5.1/go.mod h1:f4LDr5Voq0i2e/R5DDNOoa2zzDfwtkZa6DnEwAbqwq4=
